
Microsoft Visual Studio Solution File, Format Version 12.00
# Visual Studio Version 16
VisualStudioVersion = 16.0.31112.23
MinimumVisualStudioVersion = 10.0.40219.1
Project("{FAE04EC0-301F-11D3-BF4B-00C04F79EFBC}") = "QuickSortExtentions", "..\QuickSortExtentions\QuickSortExtentions.csproj", "{18446106-C05A-4958-8F2E-649924ADBE0A}"
EndProject
Project("{FAE04EC0-301F-11D3-BF4B-00C04F79EFBC}") = "QuickSortTests", "..\QuickSortTests\QuickSortTests.csproj", "{095F34DA-9D13-4FD6-8038-1B3F0E948DF3}"
EndProject
Project("{FAE04EC0-301F-11D3-BF4B-00C04F79EFBC}") = "FailureInducingInput", "FailureInducingInput.csproj", "{F1EAEB28-A3EA-4E69-A54F-01B09FA416EE}"
EndProject
Global
	GlobalSection(SolutionConfigurationPlatforms) = preSolution
		Debug|Any CPU = Debug|Any CPU
		Release|Any CPU = Release|Any CPU
	EndGlobalSection
	GlobalSection(ProjectConfigurationPlatforms) = postSolution
		{18446106-C05A-4958-8F2E-649924ADBE0A}.Debug|Any CPU.ActiveCfg = Debug|Any CPU
		{18446106-C05A-4958-8F2E-649924ADBE0A}.Debug|Any CPU.Build.0 = Debug|Any CPU
		{18446106-C05A-4958-8F2E-649924ADBE0A}.Release|Any CPU.ActiveCfg = Release|Any CPU
		{18446106-C05A-4958-8F2E-649924ADBE0A}.Release|Any CPU.Build.0 = Release|Any CPU
		{095F34DA-9D13-4FD6-8038-1B3F0E948DF3}.Debug|Any CPU.ActiveCfg = Debug|Any CPU
		{095F34DA-9D13-4FD6-8038-1B3F0E948DF3}.Debug|Any CPU.Build.0 = Debug|Any CPU
		{095F34DA-9D13-4FD6-8038-1B3F0E948DF3}.Release|Any CPU.ActiveCfg = Release|Any CPU
		{095F34DA-9D13-4FD6-8038-1B3F0E948DF3}.Release|Any CPU.Build.0 = Release|Any CPU
		{F1EAEB28-A3EA-4E69-A54F-01B09FA416EE}.Debug|Any CPU.ActiveCfg = Debug|Any CPU
		{F1EAEB28-A3EA-4E69-A54F-01B09FA416EE}.Debug|Any CPU.Build.0 = Debug|Any CPU
		{F1EAEB28-A3EA-4E69-A54F-01B09FA416EE}.Release|Any CPU.ActiveCfg = Release|Any CPU
		{F1EAEB28-A3EA-4E69-A54F-01B09FA416EE}.Release|Any CPU.Build.0 = Release|Any CPU
	EndGlobalSection
	GlobalSection(SolutionProperties) = preSolution
		HideSolutionNode = FALSE
	EndGlobalSection
	GlobalSection(ExtensibilityGlobals) = postSolution
		SolutionGuid = {D30B6E65-061D-4214-9351-D7E9F4020510}
	EndGlobalSection
EndGlobal
